
Microsoft Visual Studio Solution File, Format Version 12.00
# Visual Studio Version 17
VisualStudioVersion = 17.1.32328.378
MinimumVisualStudioVersion = 10.0.40219.1
Project("{2150E333-8FDC-42A3-9474-1A3956D46DE8}") = "src", "src", "{441D3A41-6B46-4140-8DF5-9969DDBAFFF4}"
EndProject
Project("{2150E333-8FDC-42A3-9474-1A3956D46DE8}") = "core", "core", "{272DCB4E-F6D0-48A6-98AE-13F20A3C5206}"
EndProject
Project("{2150E333-8FDC-42A3-9474-1A3956D46DE8}") = "services", "services", "{7E542D4A-289F-4646-A9BA-623FCE76D310}"
EndProject
Project("{2150E333-8FDC-42A3-9474-1A3956D46DE8}") = "idp", "idp", "{3D75BD40-2137-4DFA-B005-F33CEAF5859F}"
EndProject
Project("{9A19103F-16F7-4668-BE54-9A1E7A4F7556}") = "api", "src\services\idp\api\api.csproj", "{3054CC6F-6334-4AFA-9D3B-B96550E008BF}"
EndProject
Project("{9A19103F-16F7-4668-BE54-9A1E7A4F7556}") = "application", "src\services\idp\application\application.csproj", "{433CBE48-1BB1-4D3D-9141-BD75A35E6CE8}"
EndProject
Project("{9A19103F-16F7-4668-BE54-9A1E7A4F7556}") = "domain", "src\services\idp\domain\domain.csproj", "{69B36F9E-D930-40D6-A7A4-70FB15083CFC}"
EndProject
Project("{9A19103F-16F7-4668-BE54-9A1E7A4F7556}") = "infrastructure", "src\services\idp\infrastructure\infrastructure.csproj", "{701792E8-A28C-4CBD-B4FD-E3B98DC6EA6E}"
EndProject
Project("{9A19103F-16F7-4668-BE54-9A1E7A4F7556}") = "core-application", "src\core\core-application\core-application.csproj", "{08C8C107-F31F-497C-8A2B-4C2CF8EBA0D4}"
EndProject
Project("{9A19103F-16F7-4668-BE54-9A1E7A4F7556}") = "core-domain", "src\core\core-domain\core-domain.csproj", "{71BA0D06-374B-4BA7-A757-777B2AA823B4}"
EndProject
Project("{9A19103F-16F7-4668-BE54-9A1E7A4F7556}") = "core-infrastructure", "src\core\core-infrastructure\core-infrastructure.csproj", "{17A99EE2-54C6-4E5B-8EA4-4DEA74E3ED85}"
EndProject
Project("{2150E333-8FDC-42A3-9474-1A3956D46DE8}") = "resource", "resource", "{AFE65155-BC3F-47A1-97BF-E48F90D5CA70}"
EndProject
Project("{9A19103F-16F7-4668-BE54-9A1E7A4F7556}") = "api", "src\services\resource\api\api.csproj", "{A2C79088-DEBD-4807-99B1-5B7F54D7FC22}"
EndProject
Project("{E53339B2-1760-4266-BCC7-CA923CBCF16C}") = "docker-compose", "docker-compose.dcproj", "{52CEC81D-9B6D-4EF6-93DB-947CB502B821}"
EndProject
Project("{2150E333-8FDC-42A3-9474-1A3956D46DE8}") = "Solution Items", "Solution Items", "{9BFFC437-1ECE-423F-9C68-63FF68B2732B}"
	ProjectSection(SolutionItems) = preProject
		is4cert.pfx = is4cert.pfx
	EndProjectSection
EndProject
Project("{2150E333-8FDC-42A3-9474-1A3956D46DE8}") = "legacy-resource", "legacy-resource", "{289279B4-C1AC-4153-81D6-27DF4DE74523}"
EndProject
Project("{FAE04EC0-301F-11D3-BF4B-00C04F79EFBC}") = "legacy-api", "src\services\legacy-resource\legacy-api\legacy-api.csproj", "{EA4AF00A-9753-4941-9A21-AAA546846ED8}"
EndProject
Global
	GlobalSection(SolutionConfigurationPlatforms) = preSolution
		Debug|Any CPU = Debug|Any CPU
		Release|Any CPU = Release|Any CPU
	EndGlobalSection
	GlobalSection(ProjectConfigurationPlatforms) = postSolution
		{3054CC6F-6334-4AFA-9D3B-B96550E008BF}.Debug|Any CPU.ActiveCfg = Debug|Any CPU
		{3054CC6F-6334-4AFA-9D3B-B96550E008BF}.Debug|Any CPU.Build.0 = Debug|Any CPU
		{3054CC6F-6334-4AFA-9D3B-B96550E008BF}.Release|Any CPU.ActiveCfg = Release|Any CPU
		{3054CC6F-6334-4AFA-9D3B-B96550E008BF}.Release|Any CPU.Build.0 = Release|Any CPU
		{433CBE48-1BB1-4D3D-9141-BD75A35E6CE8}.Debug|Any CPU.ActiveCfg = Debug|Any CPU
		{433CBE48-1BB1-4D3D-9141-BD75A35E6CE8}.Debug|Any CPU.Build.0 = Debug|Any CPU
		{433CBE48-1BB1-4D3D-9141-BD75A35E6CE8}.Release|Any CPU.ActiveCfg = Release|Any CPU
		{433CBE48-1BB1-4D3D-9141-BD75A35E6CE8}.Release|Any CPU.Build.0 = Release|Any CPU
		{69B36F9E-D930-40D6-A7A4-70FB15083CFC}.Debug|Any CPU.ActiveCfg = Debug|Any CPU
		{69B36F9E-D930-40D6-A7A4-70FB15083CFC}.Debug|Any CPU.Build.0 = Debug|Any CPU
		{69B36F9E-D930-40D6-A7A4-70FB15083CFC}.Release|Any CPU.ActiveCfg = Release|Any CPU
		{69B36F9E-D930-40D6-A7A4-70FB15083CFC}.Release|Any CPU.Build.0 = Release|Any CPU
		{701792E8-A28C-4CBD-B4FD-E3B98DC6EA6E}.Debug|Any CPU.ActiveCfg = Debug|Any CPU
		{701792E8-A28C-4CBD-B4FD-E3B98DC6EA6E}.Debug|Any CPU.Build.0 = Debug|Any CPU
		{701792E8-A28C-4CBD-B4FD-E3B98DC6EA6E}.Release|Any CPU.ActiveCfg = Release|Any CPU
		{701792E8-A28C-4CBD-B4FD-E3B98DC6EA6E}.Release|Any CPU.Build.0 = Release|Any CPU
		{08C8C107-F31F-497C-8A2B-4C2CF8EBA0D4}.Debug|Any CPU.ActiveCfg = Debug|Any CPU
		{08C8C107-F31F-497C-8A2B-4C2CF8EBA0D4}.Debug|Any CPU.Build.0 = Debug|Any CPU
		{08C8C107-F31F-497C-8A2B-4C2CF8EBA0D4}.Release|Any CPU.ActiveCfg = Release|Any CPU
		{08C8C107-F31F-497C-8A2B-4C2CF8EBA0D4}.Release|Any CPU.Build.0 = Release|Any CPU
		{71BA0D06-374B-4BA7-A757-777B2AA823B4}.Debug|Any CPU.ActiveCfg = Debug|Any CPU
		{71BA0D06-374B-4BA7-A757-777B2AA823B4}.Debug|Any CPU.Build.0 = Debug|Any CPU
		{71BA0D06-374B-4BA7-A757-777B2AA823B4}.Release|Any CPU.ActiveCfg = Release|Any CPU
		{71BA0D06-374B-4BA7-A757-777B2AA823B4}.Release|Any CPU.Build.0 = Release|Any CPU
		{17A99EE2-54C6-4E5B-8EA4-4DEA74E3ED85}.Debug|Any CPU.ActiveCfg = Debug|Any CPU
		{17A99EE2-54C6-4E5B-8EA4-4DEA74E3ED85}.Debug|Any CPU.Build.0 = Debug|Any CPU
		{17A99EE2-54C6-4E5B-8EA4-4DEA74E3ED85}.Release|Any CPU.ActiveCfg = Release|Any CPU
		{17A99EE2-54C6-4E5B-8EA4-4DEA74E3ED85}.Release|Any CPU.Build.0 = Release|Any CPU
		{A2C79088-DEBD-4807-99B1-5B7F54D7FC22}.Debug|Any CPU.ActiveCfg = Debug|Any CPU
		{A2C79088-DEBD-4807-99B1-5B7F54D7FC22}.Debug|Any CPU.Build.0 = Debug|Any CPU
		{A2C79088-DEBD-4807-99B1-5B7F54D7FC22}.Release|Any CPU.ActiveCfg = Release|Any CPU
		{A2C79088-DEBD-4807-99B1-5B7F54D7FC22}.Release|Any CPU.Build.0 = Release|Any CPU
		{52CEC81D-9B6D-4EF6-93DB-947CB502B821}.Debug|Any CPU.ActiveCfg = Debug|Any CPU
		{52CEC81D-9B6D-4EF6-93DB-947CB502B821}.Debug|Any CPU.Build.0 = Debug|Any CPU
		{52CEC81D-9B6D-4EF6-93DB-947CB502B821}.Release|Any CPU.ActiveCfg = Release|Any CPU
		{52CEC81D-9B6D-4EF6-93DB-947CB502B821}.Release|Any CPU.Build.0 = Release|Any CPU
		{EA4AF00A-9753-4941-9A21-AAA546846ED8}.Debug|Any CPU.ActiveCfg = Debug|Any CPU
		{EA4AF00A-9753-4941-9A21-AAA546846ED8}.Debug|Any CPU.Build.0 = Debug|Any CPU
		{EA4AF00A-9753-4941-9A21-AAA546846ED8}.Release|Any CPU.ActiveCfg = Release|Any CPU
		{EA4AF00A-9753-4941-9A21-AAA546846ED8}.Release|Any CPU.Build.0 = Release|Any CPU
	EndGlobalSection
	GlobalSection(SolutionProperties) = preSolution
		HideSolutionNode = FALSE
	EndGlobalSection
	GlobalSection(NestedProjects) = preSolution
		{272DCB4E-F6D0-48A6-98AE-13F20A3C5206} = {441D3A41-6B46-4140-8DF5-9969DDBAFFF4}
		{7E542D4A-289F-4646-A9BA-623FCE76D310} = {441D3A41-6B46-4140-8DF5-9969DDBAFFF4}
		{3D75BD40-2137-4DFA-B005-F33CEAF5859F} = {7E542D4A-289F-4646-A9BA-623FCE76D310}
		{3054CC6F-6334-4AFA-9D3B-B96550E008BF} = {3D75BD40-2137-4DFA-B005-F33CEAF5859F}
		{433CBE48-1BB1-4D3D-9141-BD75A35E6CE8} = {3D75BD40-2137-4DFA-B005-F33CEAF5859F}
		{69B36F9E-D930-40D6-A7A4-70FB15083CFC} = {3D75BD40-2137-4DFA-B005-F33CEAF5859F}
		{701792E8-A28C-4CBD-B4FD-E3B98DC6EA6E} = {3D75BD40-2137-4DFA-B005-F33CEAF5859F}
		{08C8C107-F31F-497C-8A2B-4C2CF8EBA0D4} = {272DCB4E-F6D0-48A6-98AE-13F20A3C5206}
		{71BA0D06-374B-4BA7-A757-777B2AA823B4} = {272DCB4E-F6D0-48A6-98AE-13F20A3C5206}
		{17A99EE2-54C6-4E5B-8EA4-4DEA74E3ED85} = {272DCB4E-F6D0-48A6-98AE-13F20A3C5206}
		{AFE65155-BC3F-47A1-97BF-E48F90D5CA70} = {7E542D4A-289F-4646-A9BA-623FCE76D310}
		{A2C79088-DEBD-4807-99B1-5B7F54D7FC22} = {AFE65155-BC3F-47A1-97BF-E48F90D5CA70}
		{289279B4-C1AC-4153-81D6-27DF4DE74523} = {7E542D4A-289F-4646-A9BA-623FCE76D310}
		{EA4AF00A-9753-4941-9A21-AAA546846ED8} = {289279B4-C1AC-4153-81D6-27DF4DE74523}
	EndGlobalSection
	GlobalSection(ExtensibilityGlobals) = postSolution
		SolutionGuid = {C098C977-311C-44A8-B21A-2819941C0C9F}
	EndGlobalSection
EndGlobal
